
Microsoft Visual Studio Solution File, Format Version 12.00
# Visual Studio Version 16
VisualStudioVersion = 16.0.30330.147
MinimumVisualStudioVersion = 10.0.40219.1
Project("{9A19103F-16F7-4668-BE54-9A1E7A4F7556}") = "PlatformJumper", "PlatformJumper\PlatformJumper.csproj", "{EAF93540-4348-4DE7-9733-F36581D30C5A}"
EndProject
Project("{FAE04EC0-301F-11D3-BF4B-00C04F79EFBC}") = "PlatformJumperAndroid", "PlatformJumperAndroid\PlatformJumperAndroid.csproj", "{1833843F-F07F-4636-AD5E-D5B21393A316}"
EndProject
Project("{FAE04EC0-301F-11D3-BF4B-00C04F79EFBC}") = "PlatformJumperLibrary", "PlatformJumperLibrary\PlatformJumperLibrary.csproj", "{C9224C12-C19F-4FF4-BD3A-01000FA4C039}"
EndProject
Global
	GlobalSection(SolutionConfigurationPlatforms) = preSolution
		Debug|Any CPU = Debug|Any CPU
		Release|Any CPU = Release|Any CPU
	EndGlobalSection
	GlobalSection(ProjectConfigurationPlatforms) = postSolution
		{EAF93540-4348-4DE7-9733-F36581D30C5A}.Debug|Any CPU.ActiveCfg = Debug|Any CPU
		{EAF93540-4348-4DE7-9733-F36581D30C5A}.Debug|Any CPU.Build.0 = Debug|Any CPU
		{EAF93540-4348-4DE7-9733-F36581D30C5A}.Release|Any CPU.ActiveCfg = Release|Any CPU
		{EAF93540-4348-4DE7-9733-F36581D30C5A}.Release|Any CPU.Build.0 = Release|Any CPU
		{1833843F-F07F-4636-AD5E-D5B21393A316}.Debug|Any CPU.ActiveCfg = Debug|Any CPU
		{1833843F-F07F-4636-AD5E-D5B21393A316}.Debug|Any CPU.Build.0 = Debug|Any CPU
		{1833843F-F07F-4636-AD5E-D5B21393A316}.Debug|Any CPU.Deploy.0 = Debug|Any CPU
		{1833843F-F07F-4636-AD5E-D5B21393A316}.Release|Any CPU.ActiveCfg = Release|Any CPU
		{1833843F-F07F-4636-AD5E-D5B21393A316}.Release|Any CPU.Build.0 = Release|Any CPU
		{1833843F-F07F-4636-AD5E-D5B21393A316}.Release|Any CPU.Deploy.0 = Release|Any CPU
		{C9224C12-C19F-4FF4-BD3A-01000FA4C039}.Debug|Any CPU.ActiveCfg = Debug|Any CPU
		{C9224C12-C19F-4FF4-BD3A-01000FA4C039}.Debug|Any CPU.Build.0 = Debug|Any CPU
		{C9224C12-C19F-4FF4-BD3A-01000FA4C039}.Release|Any CPU.ActiveCfg = Release|Any CPU
		{C9224C12-C19F-4FF4-BD3A-01000FA4C039}.Release|Any CPU.Build.0 = Release|Any CPU
	EndGlobalSection
	GlobalSection(SolutionProperties) = preSolution
		HideSolutionNode = FALSE
	EndGlobalSection
	GlobalSection(ExtensibilityGlobals) = postSolution
		SolutionGuid = {729B5BCA-B120-435C-A80C-31856D5BEEBA}
	EndGlobalSection
EndGlobal
